{
    "_readme": [
        "This file locks the dependencies of your project to a known state",
        "Read more about it at https://getcomposer.org/doc/01-basic-usage.md#composer-lock-the-lock-file",
        "This file is @generated automatically"
    ],
    "hash": "970f4354af84ea0ca9e30012207b9f1c",
    "content-hash": "4da2e13e05fe8137c76b7aaffba093e6",
    "packages": [
        {
            "name": "boboldehampsink/tagmanager",
            "version": "0.2.0",
            "source": {
                "type": "git",
                "url": "https://github.com/boboldehampsink/tagmanager.git",
                "reference": "af657182aef14d419fd8874240e12dc4c1ddebdd"
            },
            "dist": {
                "type": "zip",
                "url": "https://api.github.com/repos/boboldehampsink/tagmanager/zipball/af657182aef14d419fd8874240e12dc4c1ddebdd",
                "reference": "af657182aef14d419fd8874240e12dc4c1ddebdd",
                "shasum": ""
            },
            "require": {
                "composer/installers": "~1.0"
            },
            "type": "craft-plugin",
            "notification-url": "https://packagist.org/downloads/",
            "authors": [
                {
                    "name": "Bob Olde Hampsink",
                    "email": "b.oldehampsink@itmundi.nl"
                }
            ],
            "description": "Tag Manager plugin for Craft CMS",
            "time": "2015-07-30 12:27:56"
        },
        {
            "name": "composer/installers",
            "version": "v1.0.25",
            "source": {
                "type": "git",
                "url": "https://github.com/composer/installers.git",
                "reference": "36e5b5843203d7f1cf6ffb0305a97e014387bd8e"
            },
            "dist": {
                "type": "zip",
                "url": "https://api.github.com/repos/composer/installers/zipball/36e5b5843203d7f1cf6ffb0305a97e014387bd8e",
                "reference": "36e5b5843203d7f1cf6ffb0305a97e014387bd8e",
                "shasum": ""
            },
            "require": {
                "composer-plugin-api": "^1.0"
            },
            "replace": {
                "roundcube/plugin-installer": "*",
                "shama/baton": "*"
            },
            "require-dev": {
                "composer/composer": "1.0.*@dev",
                "phpunit/phpunit": "4.1.*"
            },
            "type": "composer-plugin",
            "extra": {
                "class": "Composer\\Installers\\Plugin",
                "branch-alias": {
                    "dev-master": "1.0-dev"
                }
            },
            "autoload": {
                "psr-4": {
                    "Composer\\Installers\\": "src/Composer/Installers"
                }
            },
            "notification-url": "https://packagist.org/downloads/",
            "license": [
                "MIT"
            ],
            "authors": [
                {
                    "name": "Kyle Robinson Young",
                    "email": "kyle@dontkry.com",
                    "homepage": "https://github.com/shama"
                }
            ],
            "description": "A multi-framework Composer library installer",
            "homepage": "https://composer.github.io/installers/",
            "keywords": [
                "Craft",
                "Dolibarr",
                "Hurad",
                "ImageCMS",
                "MODX Evo",
                "Mautic",
                "OXID",
                "SMF",
                "Thelia",
                "WolfCMS",
                "agl",
                "aimeos",
                "annotatecms",
                "bitrix",
                "cakephp",
                "chef",
                "codeigniter",
                "concrete5",
                "croogo",
                "dokuwiki",
                "drupal",
                "elgg",
                "fuelphp",
                "grav",
                "installer",
                "joomla",
                "kohana",
                "laravel",
                "lithium",
                "magento",
                "mako",
                "mediawiki",
                "modulework",
                "moodle",
                "phpbb",
                "piwik",
                "ppi",
                "puppet",
                "roundcube",
                "shopware",
                "silverstripe",
                "symfony",
                "typo3",
                "wordpress",
                "zend",
                "zikula"
            ],
            "time": "2016-04-13 19:46:30"
        },
        {
            "name": "facebook/php-sdk-v4",
            "version": "4.0.23",
            "source": {
                "type": "git",
                "url": "https://github.com/facebook/facebook-php-sdk-v4.git",
                "reference": "c82611e05596622c9bd7abfa1cea1512d885c95e"
            },
            "dist": {
                "type": "zip",
                "url": "https://api.github.com/repos/facebook/facebook-php-sdk-v4/zipball/c82611e05596622c9bd7abfa1cea1512d885c95e",
                "reference": "c82611e05596622c9bd7abfa1cea1512d885c95e",
                "shasum": ""
            },
            "require": {
                "php": ">=5.4.0"
            },
            "require-dev": {
                "guzzlehttp/guzzle": "~4.0",
                "mockery/mockery": "dev-master",
                "phpunit/phpunit": "3.7.*"
            },
            "suggest": {
                "guzzlehttp/guzzle": "Allows for implementation of the Guzzle HTTP client"
            },
            "type": "library",
            "autoload": {
                "psr-4": {
                    "Facebook\\": "src/Facebook/"
                }
            },
            "notification-url": "https://packagist.org/downloads/",
            "license": [
                "Facebook Platform"
            ],
            "authors": [
                {
                    "name": "Facebook",
                    "homepage": "https://github.com/facebook/facebook-php-sdk-v4/contributors"
                }
            ],
            "description": "Facebook SDK for PHP",
            "homepage": "https://github.com/facebook/facebook-php-sdk-v4",
            "keywords": [
                "facebook",
                "sdk"
            ],
            "time": "2015-04-03 20:31:47"
        },
        {
            "name": "imarc/craft-boost",
            "version": "1.0.0",
            "source": {
                "type": "git",
                "url": "https://github.com/imarc/craft-boost.git",
                "reference": "28c5f4c78f61a916ab30c8720f6ffec2051060cb"
            },
            "dist": {
                "type": "zip",
                "url": "https://api.github.com/repos/imarc/craft-boost/zipball/28c5f4c78f61a916ab30c8720f6ffec2051060cb",
                "reference": "28c5f4c78f61a916ab30c8720f6ffec2051060cb",
                "shasum": ""
            },
            "require": {
                "composer/installers": "~1.0"
            },
            "type": "craft-plugin",
            "notification-url": "https://packagist.org/downloads/",
            "license": [
                "Apache"
            ],
            "authors": [
                {
                    "name": "Kevin Hamer",
                    "email": "kevin@imarc.com"
                }
            ],
            "description": "A Craft plugin that provides basic deployment.",
            "homepage": "https://github.com/imarc/craft-boost",
            "time": "2016-04-22 20:04:42"
        },
        {
            "name": "imarc/craft-googlecustomsearch",
            "version": "1.0.3",
            "source": {
                "type": "git",
                "url": "https://github.com/imarc/craft-googlecustomsearch.git",
                "reference": "16e592a3275d6dedef9f1d7989e3614cf3a21834"
            },
            "dist": {
                "type": "zip",
                "url": "https://api.github.com/repos/imarc/craft-googlecustomsearch/zipball/16e592a3275d6dedef9f1d7989e3614cf3a21834",
                "reference": "16e592a3275d6dedef9f1d7989e3614cf3a21834",
                "shasum": ""
            },
            "require": {
                "composer/installers": "~1.0"
            },
            "type": "craft-plugin",
            "notification-url": "https://packagist.org/downloads/",
            "license": [
                "Apache"
            ],
            "authors": [
                {
                    "name": "Dan Collins",
                    "email": "dan@imarc.com"
                }
            ],
            "description": "A Craft plugin for integrating with Google's Custom Search (and Google's Site Search.)",
            "homepage": "https://github.com/imarc/craft-googlecustomsearch",
            "time": "2016-04-22 18:22:47"
        },
        {
            "name": "imarc/craft-kindling",
            "version": "1.0.0",
            "source": {
                "type": "git",
                "url": "https://github.com/imarc/craft-kindling.git",
                "reference": "36682bbbb5ebcf97af3d87788c8588717e0b4cca"
            },
            "dist": {
                "type": "zip",
                "url": "https://api.github.com/repos/imarc/craft-kindling/zipball/36682bbbb5ebcf97af3d87788c8588717e0b4cca",
                "reference": "36682bbbb5ebcf97af3d87788c8588717e0b4cca",
                "shasum": ""
            },
            "require": {
                "composer/installers": "~1.0"
            },
            "type": "craft-plugin",
            "notification-url": "https://packagist.org/downloads/",
            "license": [
                "Apache"
            ],
            "authors": [
                {
                    "name": "Kevin Hamer",
                    "email": "kevin@imarc.com"
                }
            ],
            "description": "A Craft plugin and Twig Extension providing some convienences.",
            "homepage": "https://github.com/imarc/craft-kindling",
            "time": "2016-04-28 14:52:09"
        },
        {
            "name": "imarc/craft-sass",
            "version": "1.0.3",
            "source": {
                "type": "git",
                "url": "https://github.com/imarc/craft-sass.git",
                "reference": "b33f4ce6598c5aafc3971063eedd690663122b47"
            },
            "dist": {
                "type": "zip",
                "url": "https://api.github.com/repos/imarc/craft-sass/zipball/b33f4ce6598c5aafc3971063eedd690663122b47",
                "reference": "b33f4ce6598c5aafc3971063eedd690663122b47",
                "shasum": ""
            },
            "require": {
                "composer/installers": "~1.0",
                "leafo/scssphp": "^0.1.1"
            },
            "type": "craft-plugin",
            "notification-url": "https://packagist.org/downloads/",
            "license": [
                "Apache"
            ],
            "authors": [
                {
                    "name": "Kevin Hamer",
                    "email": "kevin@imarc.net"
                }
            ],
            "description": "A Craft plugin that compiles SASS on the server as needed.",
            "homepage": "https://github.com/imarc/craft-sass",
            "time": "2016-04-22 15:48:39"
        },
        {
            "name": "imarc/craft-social",
            "version": "1.0.1",
            "source": {
                "type": "git",
                "url": "https://github.com/imarc/craft-social.git",
                "reference": "313463e4751ef210ad5d183d7fbd2b646d5749d7"
            },
            "dist": {
                "type": "zip",
                "url": "https://api.github.com/repos/imarc/craft-social/zipball/313463e4751ef210ad5d183d7fbd2b646d5749d7",
                "reference": "313463e4751ef210ad5d183d7fbd2b646d5749d7",
                "shasum": ""
            },
            "require": {
                "composer/installers": "~1.0",
                "facebook/php-sdk-v4": "4.0.*"
            },
            "type": "craft-plugin",
            "notification-url": "https://packagist.org/downloads/",
            "license": [
                "Apache"
            ],
            "authors": [
                {
                    "name": "Kevin Hamer",
                    "email": "kevin@imarc.net"
                }
            ],
            "description": "A Craft plugin that provides integration with a few social networks for use in templates.",
            "homepage": "https://github.com/imarc/craft-social",
            "time": "2016-04-22 16:09:34"
        },
        {
            "name": "itmundi/reroute",
            "version": "v1.2.0",
            "source": {
                "type": "git",
                "url": "https://github.com/itmundi/reroute.git",
                "reference": "37430984d5789cbf12808ee95acfaf25ebb57721"
            },
            "dist": {
                "type": "zip",
                "url": "https://api.github.com/repos/itmundi/reroute/zipball/37430984d5789cbf12808ee95acfaf25ebb57721",
                "reference": "37430984d5789cbf12808ee95acfaf25ebb57721",
                "shasum": ""
            },
            "require": {
                "composer/installers": "~1.0",
                "php": "^5.3"
            },
            "type": "craft-plugin",
            "notification-url": "https://packagist.org/downloads/",
            "license": [
                "MIT"
            ],
            "authors": [
                {
                    "name": "Bob Olde Hampsink",
                    "email": "b.oldehampsink@itmundi.nl",
                    "homepage": "http://github.com/boboldehampsink",
                    "role": "Developer"
                },
                {
                    "name": "Trevor Davis",
                    "homepage": "http://trevordavis.net",
                    "role": "Creator"
                }
            ],
            "description": "Reroute Plugin for Craft CMS",
            "time": "2015-11-24 14:42:45"
        },
        {
            "name": "itmundi/schematic",
            "version": "3.2.0",
            "source": {
                "type": "git",
                "url": "https://github.com/itmundi/schematic.git",
                "reference": "4f7f9ddf4b77531dffc8d54aac0a4dd87d8807e0"
            },
            "dist": {
                "type": "zip",
                "url": "https://api.github.com/repos/itmundi/schematic/zipball/4f7f9ddf4b77531dffc8d54aac0a4dd87d8807e0",
                "reference": "4f7f9ddf4b77531dffc8d54aac0a4dd87d8807e0",
                "shasum": ""
            },
            "require": {
                "php": "^5.5|^7.0",
                "symfony/yaml": "~2.8"
            },
            "bin": [
                "bin/schematic"
            ],
            "type": "library",
            "autoload": {
                "psr-4": {
                    "NerdsAndCompany\\Schematic\\": "src/"
                }
            },
            "notification-url": "https://packagist.org/downloads/",
            "license": [
                "MIT"
            ],
            "authors": [
                {
                    "name": "Bart van Gennep",
                    "email": "b.vangennep@nerds.company",
                    "homepage": "http://www.nerds.company",
                    "role": "Developer"
                },
                {
                    "name": "Bob Olde Hampsink",
                    "email": "b.oldehampsink@nerds.company",
                    "homepage": "http://www.nerds.company",
                    "role": "Developer"
                },
                {
                    "name": "Gijs Stegehuis",
                    "email": "g.stegehuis@nerds.company",
                    "homepage": "http://www.nerds.company",
                    "role": "Developer"
                },
                {
                    "name": "Nick Obermeijer",
                    "email": "n.obermeijer@nerds.company",
                    "homepage": "http://www.nerds.company",
                    "role": "Developer"
                },
                {
                    "name": "Arjan Kleene",
                    "email": "a.kleene@nerds.company",
                    "homepage": "http://www.nerds.company",
                    "role": "Developer"
                },
                {
                    "name": "Niek Schmoller",
                    "email": "n.schmoller@nerds.company",
                    "homepage": "http://www.nerds.company",
                    "role": "Developer"
                }
            ],
            "description": "Craft setup and sync tool",
            "time": "2016-04-05 09:21:32"
        },
        {
            "name": "leafo/scssphp",
            "version": "v0.1.10",
            "source": {
                "type": "git",
                "url": "https://github.com/leafo/scssphp.git",
                "reference": "9e945cc64ccb6126123dd45cc2d219a4fbc99582"
            },
            "dist": {
                "type": "zip",
                "url": "https://api.github.com/repos/leafo/scssphp/zipball/9e945cc64ccb6126123dd45cc2d219a4fbc99582",
                "reference": "9e945cc64ccb6126123dd45cc2d219a4fbc99582",
                "shasum": ""
            },
            "require": {
                "php": ">=5.3.0"
            },
            "require-dev": {
                "kherge/box": "~2.5",
                "phpunit/phpunit": "~3.7",
                "squizlabs/php_codesniffer": "~2.3"
            },
            "bin": [
                "bin/pscss"
            ],
            "type": "library",
            "autoload": {
                "classmap": [
                    "classmap.php"
                ],
                "psr-4": {
                    "Leafo\\ScssPhp\\": "src/"
                }
            },
            "notification-url": "https://packagist.org/downloads/",
            "license": [
                "MIT"
            ],
            "authors": [
                {
                    "name": "Leaf Corcoran",
                    "email": "leafot@gmail.com",
                    "homepage": "http://leafo.net"
                }
            ],
            "description": "scssphp is a compiler for SCSS written in PHP.",
            "homepage": "http://leafo.github.io/scssphp/",
            "keywords": [
                "css",
                "less",
                "sass",
                "scss",
                "stylesheet"
            ],
            "time": "2015-08-23 16:12:31"
        },
        {
            "name": "nystudio107/retour",
            "version": "1.0.11",
            "source": {
                "type": "git",
                "url": "https://github.com/nystudio107/retour.git",
                "reference": "dde11eb7caccdd464814e27252cbd228bc3deb34"
            },
            "dist": {
                "type": "zip",
                "url": "https://api.github.com/repos/nystudio107/retour/zipball/dde11eb7caccdd464814e27252cbd228bc3deb34",
                "reference": "dde11eb7caccdd464814e27252cbd228bc3deb34",
                "shasum": ""
            },
            "require": {
                "composer/installers": "~1.0"
            },
            "type": "craft-plugin",
            "notification-url": "https://packagist.org/downloads/",
            "description": "Retour allows you to intelligently redirect legacy URLs, so that you don't lose SEO value when rebuilding & restructuring a website.",
            "time": "2016-06-21 15:16:53"
        },
        {
            "name": "symfony/yaml",
            "version": "v2.8.4",
            "source": {
                "type": "git",
                "url": "https://github.com/symfony/yaml.git",
                "reference": "584e52cb8f788a887553ba82db6caacb1d6260bb"
            },
            "dist": {
                "type": "zip",
                "url": "https://api.github.com/repos/symfony/yaml/zipball/584e52cb8f788a887553ba82db6caacb1d6260bb",
                "reference": "584e52cb8f788a887553ba82db6caacb1d6260bb",
                "shasum": ""
            },
            "require": {
                "php": ">=5.3.9"
            },
            "type": "library",
            "extra": {
                "branch-alias": {
                    "dev-master": "2.8-dev"
                }
            },
            "autoload": {
                "psr-4": {
                    "Symfony\\Component\\Yaml\\": ""
                },
                "exclude-from-classmap": [
                    "/Tests/"
                ]
            },
            "notification-url": "https://packagist.org/downloads/",
            "license": [
                "MIT"
            ],
            "authors": [
                {
                    "name": "Fabien Potencier",
                    "email": "fabien@symfony.com"
                },
                {
                    "name": "Symfony Community",
                    "homepage": "https://symfony.com/contributors"
                }
            ],
            "description": "Symfony Yaml Component",
            "homepage": "https://symfony.com",
            "time": "2016-03-04 07:54:35"
        }
    ],
    "packages-dev": [],
    "aliases": [],
    "minimum-stability": "stable",
    "stability-flags": [],
    "prefer-stable": false,
    "prefer-lowest": false,
    "platform": [],
    "platform-dev": []
}
